{
  "name": "vibe-automotives",
  "version": "1.0.0",
  "lockfileVersion": 3,
  "requires": true,
  "packages": {
    "": {
      "name": "vibe-automotives",
      "version": "1.0.0",
      "dependencies": {
        "@rolldown/binding-linux-x64-gnu": "*"
      },
      "optionalDependencies": {
        "@rolldown/binding-linux-x64-gnu": "^1.2.9"
      }
    },
    "autodev": {
      "version": "0.0.0",
      "extraneous": true,
      "dependencies": {
        "@supabase/supabase-js": "^2.105.4",
        "clsx": "^2.1.1",
        "framer-motion": "^12.38.0",
        "lucide-react": "^1.16.0",
        "react": "^19.2.6",
        "react-dom": "^19.2.6",
        "recharts": "^3.8.1",
        "tailwind-merge": "^3.6.0"
      },
      "devDependencies": {
        "@eslint/js": "^10.0.1",
        "@types/react": "^19.2.14",
        "@types/react-dom": "^19.2.3",
        "@vitejs/plugin-react": "^6.0.1",
        "eslint": "^10.3.0",
        "eslint-plugin-react-hooks": "^7.1.1",
        "eslint-plugin-react-refresh": "^0.5.2",
        "globals": "^17.6.0",
        "vite": "^8.0.12"
      }
    },
    "AutoMFG/AutoMFG": {
      "name": "automfg",
      "version": "0.0.0",
      "extraneous": true,
      "dependencies": {
        "@hookform/resolvers": "^5.2.2",
        "@react-pdf/renderer": "^4.5.1",
        "@supabase/supabase-js": "^2.106.0",
        "@tanstack/react-table": "^8.21.3",
        "@types/react": "^19.2.14",
        "@types/react-dom": "^19.2.3",
        "date-fns": "^4.1.0",
        "lucide-react": "^1.16.0",
        "react": "^19.2.6",
        "react-dom": "^19.2.6",
        "react-hook-form": "^7.76.0",
        "react-hot-toast": "^2.6.0",
        "react-router-dom": "^7.15.1",
        "recharts": "^3.8.1",
        "zod": "^4.4.3",
        "zustand": "^5.0.13"
      },
      "devDependencies": {
        "typescript": "~6.0.2",
        "vite": "^8.0.12"
      }
    },
    "AutoSCM": {
      "name": "autoscm",
      "version": "1.0.0",
      "extraneous": true,
      "license": "ISC",
      "devDependencies": {
        "@babel/cli": "^8.0.1",
        "@babel/core": "^8.0.1",
        "@babel/preset-env": "^8.0.1",
        "@babel/preset-react": "^8.0.1"
      }
    },
    "node_modules/@rolldown/binding-linux-x64-gnu": {
      "version": "1.2.9",
      "resolved": "https://registry.npmjs.org/@rolldown/binding-linux-x64-gnu/-/binding-linux-x64-gnu-1.2.9.tgz",
      "integrity": "sha512-9s0AZ8BFK5/n7B/TBoa2yJE3gI3KURrbXcPBlsAsvjU4VeJKgE90y1YtNxyEUIcHPQkg6/yfF3qihUrcM/Kf0Q==",
      "cpu": [
        "x64"
      ],
      "license": "MIT",
      "optional": true,
      "os": [
        "linux"
      ],
      "engines": {
        "node": "^20.19.0 || >=22.12.0"
      }
    }
  }
}
